{
  "lockfile_version": "1",
  "packages": {
    "biome@latest": {
      "last_modified": "2026-03-27T11:17:38Z",
      "resolved": "github:NixOS/nixpkgs/832efc09b4caf6b4569fbf9dc01bec3082a00611#biome",
      "source": "devbox-search",
      "version": "2.4.9",
      "systems": {
        "aarch64-darwin": {
          "outputs": [
            {
              "name": "out",
              "path": "/nix/store/gjvw84jpf3algahdy858n82h7j0dpb25-biome-2.4.9",
              "default": true
            }
          ],
          "store_path": "/nix/store/gjvw84jpf3algahdy858n82h7j0dpb25-biome-2.4.9"
        },
        "aarch64-linux": {
          "outputs": [
            {
              "name": "out",
              "path": "/nix/store/wxxaq08qzhcj44q0b6ykhdfp3fpzvjjb-biome-2.4.9",
              "default": true
            }
          ],
          "store_path": "/nix/store/wxxaq08qzhcj44q0b6ykhdfp3fpzvjjb-biome-2.4.9"
        },
        "x86_64-darwin": {
          "outputs": [
            {
              "name": "out",
              "path": "/nix/store/62kh46qbwn2zbaxr8vqmz8f6q84qbphm-biome-2.4.9",
              "default": true
            }
          ],
          "store_path": "/nix/store/62kh46qbwn2zbaxr8vqmz8f6q84qbphm-biome-2.4.9"
        },
        "x86_64-linux": {
          "outputs": [
            {
              "name": "out",
              "path": "/nix/store/67ji72wcah4jkhl43byj92jjfhmxbzlp-biome-2.4.9",
              "default": true
            }
          ],
          "store_path": "/nix/store/67ji72wcah4jkhl43byj92jjfhmxbzlp-biome-2.4.9"
        }
      }
    },
    "github:NixOS/nixpkgs/nixpkgs-unstable": {
      "last_modified": "2026-04-05T15:42:39Z",
      "resolved": "github:NixOS/nixpkgs/5e11f7acce6c3469bef9df154d78534fa7ae8b6c?lastModified=1775403759"
    },
    "nodejs@25.8.2": {
      "last_modified": "2026-03-27T11:17:38Z",
      "plugin_version": "0.0.2",
      "resolved": "github:NixOS/nixpkgs/832efc09b4caf6b4569fbf9dc01bec3082a00611#nodejs_25",
      "source": "devbox-search",
      "version": "25.8.2",
      "systems": {
        "aarch64-darwin": {
          "outputs": [
            {
              "name": "out",
              "path": "/nix/store/qflz0c97921bn5i3jc49dy24hhwpk67d-nodejs-25.8.2",
              "default": true
            }
          ],
          "store_path": "/nix/store/qflz0c97921bn5i3jc49dy24hhwpk67d-nodejs-25.8.2"
        },
        "aarch64-linux": {
          "outputs": [
            {
              "name": "out",
              "path": "/nix/store/vdakqgvs2qjrdsrjz3wpwn39yvj0fmvv-nodejs-25.8.2",
              "default": true
            }
          ],
          "store_path": "/nix/store/vdakqgvs2qjrdsrjz3wpwn39yvj0fmvv-nodejs-25.8.2"
        },
        "x86_64-darwin": {
          "outputs": [
            {
              "name": "out",
              "path": "/nix/store/d94jkiwkdf3qm25pchchdx37sh4fy4g7-nodejs-25.8.2",
              "default": true
            }
          ],
          "store_path": "/nix/store/d94jkiwkdf3qm25pchchdx37sh4fy4g7-nodejs-25.8.2"
        },
        "x86_64-linux": {
          "outputs": [
            {
              "name": "out",
              "path": "/nix/store/qads515hyg9b6vs0l1cyxhggvc98ycdx-nodejs-25.8.2",
              "default": true
            }
          ],
          "store_path": "/nix/store/qads515hyg9b6vs0l1cyxhggvc98ycdx-nodejs-25.8.2"
        }
      }
    }
  }
}
